
Microsoft Visual Studio Solution File, Format Version 12.00
# Visual Studio Version 17
VisualStudioVersion = 17.4.33213.308
MinimumVisualStudioVersion = 10.0.40219.1
Project("{FAE04EC0-301F-11D3-BF4B-00C04F79EFBC}") = "WebAPILecture", "WebAPILecture\WebAPILecture.csproj", "{92B2DFBD-5190-426B-A9D4-329ECDC2535C}"
EndProject
Global
	GlobalSection(SolutionConfigurationPlatforms) = preSolution
		Debug|Any CPU = Debug|Any CPU
		Release|Any CPU = Release|Any CPU
	EndGlobalSection
	GlobalSection(ProjectConfigurationPlatforms) = postSolution
		{92B2DFBD-5190-426B-A9D4-329ECDC2535C}.Debug|Any CPU.ActiveCfg = Debug|Any CPU
		{92B2DFBD-5190-426B-A9D4-329ECDC2535C}.Debug|Any CPU.Build.0 = Debug|Any CPU
		{92B2DFBD-5190-426B-A9D4-329ECDC2535C}.Release|Any CPU.ActiveCfg = Release|Any CPU
		{92B2DFBD-5190-426B-A9D4-329ECDC2535C}.Release|Any CPU.Build.0 = Release|Any CPU
	EndGlobalSection
	GlobalSection(SolutionProperties) = preSolution
		HideSolutionNode = FALSE
	EndGlobalSection
	GlobalSection(ExtensibilityGlobals) = postSolution
		SolutionGuid = {BE9C5A2D-9EEC-4738-BAA7-E1019A656C23}
	EndGlobalSection
EndGlobal
