
Microsoft Visual Studio Solution File, Format Version 12.00
# Visual Studio Version 17
VisualStudioVersion = 17.4.33213.308
MinimumVisualStudioVersion = 10.0.40219.1
Project("{FAE04EC0-301F-11D3-BF4B-00C04F79EFBC}") = "QuotesApp", "QuotesApp\QuotesApp.csproj", "{8447B155-DFD7-4C16-95BC-5E43F9FB4F02}"
EndProject
Global
	GlobalSection(SolutionConfigurationPlatforms) = preSolution
		Debug|Any CPU = Debug|Any CPU
		Release|Any CPU = Release|Any CPU
	EndGlobalSection
	GlobalSection(ProjectConfigurationPlatforms) = postSolution
		{8447B155-DFD7-4C16-95BC-5E43F9FB4F02}.Debug|Any CPU.ActiveCfg = Debug|Any CPU
		{8447B155-DFD7-4C16-95BC-5E43F9FB4F02}.Debug|Any CPU.Build.0 = Debug|Any CPU
		{8447B155-DFD7-4C16-95BC-5E43F9FB4F02}.Release|Any CPU.ActiveCfg = Release|Any CPU
		{8447B155-DFD7-4C16-95BC-5E43F9FB4F02}.Release|Any CPU.Build.0 = Release|Any CPU
	EndGlobalSection
	GlobalSection(SolutionProperties) = preSolution
		HideSolutionNode = FALSE
	EndGlobalSection
	GlobalSection(ExtensibilityGlobals) = postSolution
		SolutionGuid = {C654231B-F307-4ADB-84A6-D036EC40CD23}
	EndGlobalSection
EndGlobal
