
Microsoft Visual Studio Solution File, Format Version 12.00
# Visual Studio Version 17
VisualStudioVersion = 17.4.33213.308
MinimumVisualStudioVersion = 10.0.40219.1
Project("{FAE04EC0-301F-11D3-BF4B-00C04F79EFBC}") = "LectureWeek01", "LectureWeek01\LectureWeek01.csproj", "{913422C8-80ED-4811-BDC1-40F0E706B164}"
EndProject
Global
	GlobalSection(SolutionConfigurationPlatforms) = preSolution
		Debug|Any CPU = Debug|Any CPU
		Release|Any CPU = Release|Any CPU
	EndGlobalSection
	GlobalSection(ProjectConfigurationPlatforms) = postSolution
		{913422C8-80ED-4811-BDC1-40F0E706B164}.Debug|Any CPU.ActiveCfg = Debug|Any CPU
		{913422C8-80ED-4811-BDC1-40F0E706B164}.Debug|Any CPU.Build.0 = Debug|Any CPU
		{913422C8-80ED-4811-BDC1-40F0E706B164}.Release|Any CPU.ActiveCfg = Release|Any CPU
		{913422C8-80ED-4811-BDC1-40F0E706B164}.Release|Any CPU.Build.0 = Release|Any CPU
	EndGlobalSection
	GlobalSection(SolutionProperties) = preSolution
		HideSolutionNode = FALSE
	EndGlobalSection
	GlobalSection(ExtensibilityGlobals) = postSolution
		SolutionGuid = {C9C10866-85E4-4A11-8F39-6ACDA8D26928}
	EndGlobalSection
EndGlobal
