
Microsoft Visual Studio Solution File, Format Version 12.00
# Visual Studio Version 17
VisualStudioVersion = 17.7.34024.191
MinimumVisualStudioVersion = 10.0.40219.1
Project("{FAE04EC0-301F-11D3-BF4B-00C04F79EFBC}") = "JRLW04CRRUD", "JRLW04CRRUD\JRLW04CRRUD.csproj", "{7CC1533D-55B0-4328-8F7C-2FE73CD77BB9}"
EndProject
Global
	GlobalSection(SolutionConfigurationPlatforms) = preSolution
		Debug|Any CPU = Debug|Any CPU
		Release|Any CPU = Release|Any CPU
	EndGlobalSection
	GlobalSection(ProjectConfigurationPlatforms) = postSolution
		{7CC1533D-55B0-4328-8F7C-2FE73CD77BB9}.Debug|Any CPU.ActiveCfg = Debug|Any CPU
		{7CC1533D-55B0-4328-8F7C-2FE73CD77BB9}.Debug|Any CPU.Build.0 = Debug|Any CPU
		{7CC1533D-55B0-4328-8F7C-2FE73CD77BB9}.Release|Any CPU.ActiveCfg = Release|Any CPU
		{7CC1533D-55B0-4328-8F7C-2FE73CD77BB9}.Release|Any CPU.Build.0 = Release|Any CPU
	EndGlobalSection
	GlobalSection(SolutionProperties) = preSolution
		HideSolutionNode = FALSE
	EndGlobalSection
	GlobalSection(ExtensibilityGlobals) = postSolution
		SolutionGuid = {451226A6-B85F-49CB-BFB7-7145D307365C}
	EndGlobalSection
EndGlobal
